
Microsoft Visual Studio Solution File, Format Version 12.00
# Visual Studio 2012
Project("{FAE04EC0-301F-11D3-BF4B-00C04F79EFBC}") = "ContentConsole", "ContentConsole\ContentConsole.csproj", "{120152D0-C8D4-43B3-B206-D243F90CE027}"
EndProject
Project("{FAE04EC0-301F-11D3-BF4B-00C04F79EFBC}") = "ContentConsoleTests", "ContentConsoleTests\ContentConsoleTests.csproj", "{497ED9F6-F973-48D7-96DA-D893B0F445DA}"
EndProject
Global
	GlobalSection(SolutionConfigurationPlatforms) = preSolution
		Debug|Any CPU = Debug|Any CPU
		Release|Any CPU = Release|Any CPU
	EndGlobalSection
	GlobalSection(ProjectConfigurationPlatforms) = postSolution
		{120152D0-C8D4-43B3-B206-D243F90CE027}.Debug|Any CPU.ActiveCfg = Debug|Any CPU
		{120152D0-C8D4-43B3-B206-D243F90CE027}.Debug|Any CPU.Build.0 = Debug|Any CPU
		{120152D0-C8D4-43B3-B206-D243F90CE027}.Release|Any CPU.ActiveCfg = Release|Any CPU
		{120152D0-C8D4-43B3-B206-D243F90CE027}.Release|Any CPU.Build.0 = Release|Any CPU
		{497ED9F6-F973-48D7-96DA-D893B0F445DA}.Debug|Any CPU.ActiveCfg = Debug|Any CPU
		{497ED9F6-F973-48D7-96DA-D893B0F445DA}.Debug|Any CPU.Build.0 = Debug|Any CPU
		{497ED9F6-F973-48D7-96DA-D893B0F445DA}.Release|Any CPU.ActiveCfg = Release|Any CPU
		{497ED9F6-F973-48D7-96DA-D893B0F445DA}.Release|Any CPU.Build.0 = Release|Any CPU
	EndGlobalSection
	GlobalSection(SolutionProperties) = preSolution
		HideSolutionNode = FALSE
	EndGlobalSection
EndGlobal
